
Microsoft Visual Studio Solution File, Format Version 12.00
# Visual Studio Version 17
VisualStudioVersion = 17.11.35222.181
MinimumVisualStudioVersion = 10.0.40219.1
Project("{8BC9CEB8-8B4A-11D0-8D11-00A0C91BC942}") = "Engine", "Engine\Engine.vcxproj", "{D41924C9-A3C7-473B-935A-4F8313C5467F}"
EndProject
Project("{FAE04EC0-301F-11D3-BF4B-00C04F79EFBC}") = "AstraEditor", "AstraEditor\AstraEditor.csproj", "{A26CB90B-79D6-4A34-9E44-7743D3A08DED}"
EndProject
Global
	GlobalSection(SolutionConfigurationPlatforms) = preSolution
		Debug|Any CPU = Debug|Any CPU
		Debug|x64 = Debug|x64
		Debug|x86 = Debug|x86
		Release|Any CPU = Release|Any CPU
		Release|x64 = Release|x64
		Release|x86 = Release|x86
	EndGlobalSection
	GlobalSection(ProjectConfigurationPlatforms) = postSolution
		{D41924C9-A3C7-473B-935A-4F8313C5467F}.Debug|Any CPU.ActiveCfg = Debug|x64
		{D41924C9-A3C7-473B-935A-4F8313C5467F}.Debug|Any CPU.Build.0 = Debug|x64
		{D41924C9-A3C7-473B-935A-4F8313C5467F}.Debug|x64.ActiveCfg = Debug|x64
		{D41924C9-A3C7-473B-935A-4F8313C5467F}.Debug|x64.Build.0 = Debug|x64
		{D41924C9-A3C7-473B-935A-4F8313C5467F}.Debug|x86.ActiveCfg = Debug|Win32
		{D41924C9-A3C7-473B-935A-4F8313C5467F}.Debug|x86.Build.0 = Debug|Win32
		{D41924C9-A3C7-473B-935A-4F8313C5467F}.Release|Any CPU.ActiveCfg = Release|x64
		{D41924C9-A3C7-473B-935A-4F8313C5467F}.Release|Any CPU.Build.0 = Release|x64
		{D41924C9-A3C7-473B-935A-4F8313C5467F}.Release|x64.ActiveCfg = Release|x64
		{D41924C9-A3C7-473B-935A-4F8313C5467F}.Release|x64.Build.0 = Release|x64
		{D41924C9-A3C7-473B-935A-4F8313C5467F}.Release|x86.ActiveCfg = Release|Win32
		{D41924C9-A3C7-473B-935A-4F8313C5467F}.Release|x86.Build.0 = Release|Win32
		{A26CB90B-79D6-4A34-9E44-7743D3A08DED}.Debug|Any CPU.ActiveCfg = Debug|Any CPU
		{A26CB90B-79D6-4A34-9E44-7743D3A08DED}.Debug|Any CPU.Build.0 = Debug|Any CPU
		{A26CB90B-79D6-4A34-9E44-7743D3A08DED}.Debug|x64.ActiveCfg = Debug|Any CPU
		{A26CB90B-79D6-4A34-9E44-7743D3A08DED}.Debug|x64.Build.0 = Debug|Any CPU
		{A26CB90B-79D6-4A34-9E44-7743D3A08DED}.Debug|x86.ActiveCfg = Debug|Any CPU
		{A26CB90B-79D6-4A34-9E44-7743D3A08DED}.Debug|x86.Build.0 = Debug|Any CPU
		{A26CB90B-79D6-4A34-9E44-7743D3A08DED}.Release|Any CPU.ActiveCfg = Release|Any CPU
		{A26CB90B-79D6-4A34-9E44-7743D3A08DED}.Release|Any CPU.Build.0 = Release|Any CPU
		{A26CB90B-79D6-4A34-9E44-7743D3A08DED}.Release|x64.ActiveCfg = Release|Any CPU
		{A26CB90B-79D6-4A34-9E44-7743D3A08DED}.Release|x64.Build.0 = Release|Any CPU
		{A26CB90B-79D6-4A34-9E44-7743D3A08DED}.Release|x86.ActiveCfg = Release|Any CPU
		{A26CB90B-79D6-4A34-9E44-7743D3A08DED}.Release|x86.Build.0 = Release|Any CPU
	EndGlobalSection
	GlobalSection(SolutionProperties) = preSolution
		HideSolutionNode = FALSE
	EndGlobalSection
	GlobalSection(ExtensibilityGlobals) = postSolution
		SolutionGuid = {430ECEC9-40BA-4E49-800E-1BDBDAA7D1B3}
	EndGlobalSection
EndGlobal
